// !$*UTF8*$!
{
	archiveVersion = 1;
	classes = {
	};
	objectVersion = 52;
	objects = {

/* Begin PBXBuildFile section */
		85F1D0BE259E6149001831C0 /* AppDelegate.swift in Sources */ = {isa = PBXBuildFile; fileRef = 85F1D0BD259E6149001831C0 /* AppDelegate.swift */; };
		85F1D0C0259E6149001831C0 /* ViewController.swift in Sources */ = {isa = PBXBuildFile; fileRef = 85F1D0BF259E6149001831C0 /* ViewController.swift */; };
		85F1D0C2259E614A001831C0 /* Assets.xcassets in Resources */ = {isa = PBXBuildFile; fileRef = 85F1D0C1259E614A001831C0 /* Assets.xcassets */; };
		85F1D0C5259E614A001831C0 /* Main.storyboard in Resources */ = {isa = PBXBuildFile; fileRef = 85F1D0C3259E614A001831C0 /* Main.storyboard */; };
		85F1D0D2259E6249001831C0 /* MenuBuilder in Frameworks */ = {isa = PBXBuildFile; productRef = 85F1D0D1259E6249001831C0 /* MenuBuilder */; };
/* End PBXBuildFile section */

/* Begin PBXFileReference section */
		852C57CF28BD251C006411C8 /* MenuBuilder */ = {isa = PBXFileReference; lastKnownFileType = wrapper; name = MenuBuilder; path = ../..; sourceTree = "<group>"; };
		85F1D0BA259E6149001831C0 /* MenuBuilder Demo.app */ = {isa = PBXFileReference; explicitFileType = wrapper.application; includeInIndex = 0; path = "MenuBuilder Demo.app"; sourceTree = BUILT_PRODUCTS_DIR; };
		85F1D0BD259E6149001831C0 /* AppDelegate.swift */ = {isa = PBXFileReference; lastKnownFileType = sourcecode.swift; path = AppDelegate.swift; sourceTree = "<group>"; };
		85F1D0BF259E6149001831C0 /* ViewController.swift */ = {isa = PBXFileReference; lastKnownFileType = sourcecode.swift; path = ViewController.swift; sourceTree = "<group>"; };
		85F1D0C1259E614A001831C0 /* Assets.xcassets */ = {isa = PBXFileReference; lastKnownFileType = folder.assetcatalog; path = Assets.xcassets; sourceTree = "<group>"; };
		85F1D0C4259E614A001831C0 /* Base */ = {isa = PBXFileReference; lastKnownFileType = file.storyboard; name = Base; path = Base.lproj/Main.storyboard; sourceTree = "<group>"; };
		85F1D0C6259E614A001831C0 /* Info.plist */ = {isa = PBXFileReference; lastKnownFileType = text.plist.xml; path = Info.plist; sourceTree = "<group>"; };
		85F1D0C7259E614A001831C0 /* MenuBuilder_Demo.entitlements */ = {isa = PBXFileReference; lastKnownFileType = text.plist.entitlements; path = MenuBuilder_Demo.entitlements; sourceTree = "<group>"; };
/* End PBXFileReference section */

/* Begin PBXFrameworksBuildPhase section */
		85F1D0B7259E6149001831C0 /* Frameworks */ = {
			isa = PBXFrameworksBuildPhase;
			buildActionMask = 2147483647;
			files = (
				85F1D0D2259E6249001831C0 /* MenuBuilder in Frameworks */,
			);
			runOnlyForDeploymentPostprocessing = 0;
		};
/* End PBXFrameworksBuildPhase section */

/* Begin PBXGroup section */
		85F1D0B1259E6149001831C0 = {
			isa = PBXGroup;
			children = (
				85F1D0BC259E6149001831C0 /* MenuBuilder Demo */,
				85F1D0BB259E6149001831C0 /* Products */,
				85F1D0D0259E6249001831C0 /* Frameworks */,
				852C57CF28BD251C006411C8 /* MenuBuilder */,
			);
			sourceTree = "<group>";
		};
		85F1D0BB259E6149001831C0 /* Products */ = {
			isa = PBXGroup;
			children = (
				85F1D0BA259E6149001831C0 /* MenuBuilder Demo.app */,
			);
			name = Products;
			sourceTree = "<group>";
		};
		85F1D0BC259E6149001831C0 /* MenuBuilder Demo */ = {
			isa = PBXGroup;
			children = (
				85F1D0BD259E6149001831C0 /* AppDelegate.swift */,
				85F1D0BF259E6149001831C0 /* ViewController.swift */,
				85F1D0C1259E614A001831C0 /* Assets.xcassets */,
				85F1D0C3259E614A001831C0 /* Main.storyboard */,
				85F1D0C6259E614A001831C0 /* Info.plist */,
				85F1D0C7259E614A001831C0 /* MenuBuilder_Demo.entitlements */,
			);
			path = "MenuBuilder Demo";
			sourceTree = "<group>";
		};
		85F1D0D0259E6249001831C0 /* Frameworks */ = {
			isa = PBXGroup;
			children = (
			);
			name = Frameworks;
			sourceTree = "<group>";
		};
/* End PBXGroup section */

/* Begin PBXNativeTarget section */
		85F1D0B9259E6149001831C0 /* MenuBuilder Demo */ = {
			isa = PBXNativeTarget;
			buildConfigurationList = 85F1D0CA259E614A001831C0 /* Build configuration list for PBXNativeTarget "MenuBuilder Demo" */;
			buildPhases = (
				85F1D0B6259E6149001831C0 /* Sources */,
				85F1D0B7259E6149001831C0 /* Frameworks */,
				85F1D0B8259E6149001831C0 /* Resources */,
			);
			buildRules = (
			);
			dependencies = (
			);
			name = "MenuBuilder Demo";
			packageProductDependencies = (
				85F1D0D1259E6249001831C0 /* MenuBuilder */,
			);
			productName = "MenuBuilder Demo";
			productReference = 85F1D0BA259E6149001831C0 /* MenuBuilder Demo.app */;
			productType = "com.apple.product-type.application";
		};
/* End PBXNativeTarget section */

/* Begin PBXProject section */
		85F1D0B2259E6149001831C0 /* Project object */ = {
			isa = PBXProject;
			attributes = {
				LastSwiftUpdateCheck = 1220;
				LastUpgradeCheck = 1220;
				TargetAttributes = {
					85F1D0B9259E6149001831C0 = {
						CreatedOnToolsVersion = 12.2;
					};
				};
			};
			buildConfigurationList = 85F1D0B5259E6149001831C0 /* Build configuration list for PBXProject "MenuBuilder Demo" */;
			compatibilityVersion = "Xcode 9.3";
			developmentRegion = en;
			hasScannedForEncodings = 0;
			knownRegions = (
				en,
				Base,
			);
			mainGroup = 85F1D0B1259E6149001831C0;
			productRefGroup = 85F1D0BB259E6149001831C0 /* Products */;
			projectDirPath = "";
			projectRoot = "";
			targets = (
				85F1D0B9259E6149001831C0 /* MenuBuilder Demo */,
			);
		};
/* End PBXProject section */

/* Begin PBXResourcesBuildPhase section */
		85F1D0B8259E6149001831C0 /* Resources */ = {
			isa = PBXResourcesBuildPhase;
			buildActionMask = 2147483647;
			files = (
				85F1D0C2259E614A001831C0 /* Assets.xcassets in Resources */,
				85F1D0C5259E614A001831C0 /* Main.storyboard in Resources */,
			);
			runOnlyForDeploymentPostprocessing = 0;
		};
/* End PBXResourcesBuildPhase section */

/* Begin PBXSourcesBuildPhase section */
		85F1D0B6259E6149001831C0 /* Sources */ = {
			isa = PBXSourcesBuildPhase;
			buildActionMask = 2147483647;
			files = (
				85F1D0C0259E6149001831C0 /* ViewController.swift in Sources */,
				85F1D0BE259E6149001831C0 /* AppDelegate.swift in Sources */,
			);
			runOnlyForDeploymentPostprocessing = 0;
		};
/* End PBXSourcesBuildPhase section */

/* Begin PBXVariantGroup section */
		85F1D0C3259E614A001831C0 /* Main.storyboard */ = {
			isa = PBXVariantGroup;
			children = (
				85F1D0C4259E614A001831C0 /* Base */,
			);
			name = Main.storyboard;
			sourceTree = "<group>";
		};
/* End PBXVariantGroup section */

/* Begin XCBuildConfiguration section */
		85F1D0C8259E614A001831C0 /* Debug */ = {
			isa = XCBuildConfiguration;
			buildSettings = {
				ALWAYS_SEARCH_USER_PATHS = NO;
				CLANG_ANALYZER_NONNULL = YES;
				CLANG_ANALYZER_NUMBER_OBJECT_CONVERSION = YES_AGGRESSIVE;
				CLANG_CXX_LANGUAGE_STANDARD = "gnu++14";
				CLANG_CXX_LIBRARY = "libc++";
				CLANG_ENABLE_MODULES = YES;
				CLANG_ENABLE_OBJC_ARC = YES;
				CLANG_ENABLE_OBJC_WEAK = YES;
				CLANG_WARN_BLOCK_CAPTURE_AUTORELEASING = YES;
				CLANG_WARN_BOOL_CONVERSION = YES;
				CLANG_WARN_COMMA = YES;
				CLANG_WARN_CONSTANT_CONVERSION = YES;
				CLANG_WARN_DEPRECATED_OBJC_IMPLEMENTATIONS = YES;
				CLANG_WARN_DIRECT_OBJC_ISA_USAGE = YES_ERROR;
				CLANG_WARN_DOCUMENTATION_COMMENTS = YES;
				CLANG_WARN_EMPTY_BODY = YES;
				CLANG_WARN_ENUM_CONVERSION = YES;
				CLANG_WARN_INFINITE_RECURSION = YES;
				CLANG_WARN_INT_CONVERSION = YES;
				CLANG_WARN_NON_LITERAL_NULL_CONVERSION = YES;
				CLANG_WARN_OBJC_IMPLICIT_RETAIN_SELF = YES;
				CLANG_WARN_OBJC_LITERAL_CONVERSION = YES;
				CLANG_WARN_OBJC_ROOT_CLASS = YES_ERROR;
				CLANG_WARN_QUOTED_INCLUDE_IN_FRAMEWORK_HEADER = YES;
				CLANG_WARN_RANGE_LOOP_ANALYSIS = YES;
				CLANG_WARN_STRICT_PROTOTYPES = YES;
				CLANG_WARN_SUSPICIOUS_MOVE = YES;
				CLANG_WARN_UNGUARDED_AVAILABILITY = YES_AGGRESSIVE;
				CLANG_WARN_UNREACHABLE_CODE = YES;
				CLANG_WARN__DUPLICATE_METHOD_MATCH = YES;
				COPY_PHASE_STRIP = NO;
				DEBUG_INFORMATION_FORMAT = dwarf;
				ENABLE_STRICT_OBJC_MSGSEND = YES;
				ENABLE_TESTABILITY = YES;
				GCC_C_LANGUAGE_STANDARD = gnu11;
				GCC_DYNAMIC_NO_PIC = NO;
				GCC_NO_COMMON_BLOCKS = YES;
				GCC_OPTIMIZATION_LEVEL = 0;
				GCC_PREPROCESSOR_DEFINITIONS = (
					"DEBUG=1",
					"$(inherited)",
				);
				GCC_WARN_64_TO_32_BIT_CONVERSION = YES;
				GCC_WARN_ABOUT_RETURN_TYPE = YES_ERROR;
				GCC_WARN_UNDECLARED_SELECTOR = YES;
				GCC_WARN_UNINITIALIZED_AUTOS = YES_AGGRESSIVE;
				GCC_WARN_UNUSED_FUNCTION = YES;
				GCC_WARN_UNUSED_VARIABLE = YES;
				MACOSX_DEPLOYMENT_TARGET = 11.0;
				MTL_ENABLE_DEBUG_INFO = INCLUDE_SOURCE;
				MTL_FAST_MATH = YES;
				ONLY_ACTIVE_ARCH = YES;
				SDKROOT = macosx;
				SWIFT_ACTIVE_COMPILATION_CONDITIONS = DEBUG;
				SWIFT_OPTIMIZATION_LEVEL = "-Onone";
			};
			name = Debug;
		};
		85F1D0C9259E614A001831C0 /* Release */ = {
			isa = XCBuildConfiguration;
			buildSettings = {
				ALWAYS_SEARCH_USER_PATHS = NO;
				CLANG_ANALYZER_NONNULL = YES;
				CLANG_ANALYZER_NUMBER_OBJECT_CONVERSION = YES_AGGRESSIVE;
				CLANG_CXX_LANGUAGE_STANDARD = "gnu++14";
				CLANG_CXX_LIBRARY = "libc++";
				CLANG_ENABLE_MODULES = YES;
				CLANG_ENABLE_OBJC_ARC = YES;
				CLANG_ENABLE_OBJC_WEAK = YES;
				CLANG_WARN_BLOCK_CAPTURE_AUTORELEASING = YES;
				CLANG_WARN_BOOL_CONVERSION = YES;
				CLANG_WARN_COMMA = YES;
				CLANG_WARN_CONSTANT_CONVERSION = YES;
				CLANG_WARN_DEPRECATED_OBJC_IMPLEMENTATIONS = YES;
				CLANG_WARN_DIRECT_OBJC_ISA_USAGE = YES_ERROR;
				CLANG_WARN_DOCUMENTATION_COMMENTS = YES;
				CLANG_WARN_EMPTY_BODY = YES;
				CLANG_WARN_ENUM_CONVERSION = YES;
				CLANG_WARN_INFINITE_RECURSION = YES;
				CLANG_WARN_INT_CONVERSION = YES;
				CLANG_WARN_NON_LITERAL_NULL_CONVERSION = YES;
				CLANG_WARN_OBJC_IMPLICIT_RETAIN_SELF = YES;
				CLANG_WARN_OBJC_LITERAL_CONVERSION = YES;
				CLANG_WARN_OBJC_ROOT_CLASS = YES_ERROR;
				CLANG_WARN_QUOTED_INCLUDE_IN_FRAMEWORK_HEADER = YES;
				CLANG_WARN_RANGE_LOOP_ANALYSIS = YES;
				CLANG_WARN_STRICT_PROTOTYPES = YES;
				CLANG_WARN_SUSPICIOUS_MOVE = YES;
				CLANG_WARN_UNGUARDED_AVAILABILITY = YES_AGGRESSIVE;
				CLANG_WARN_UNREACHABLE_CODE = YES;
				CLANG_WARN__DUPLICATE_METHOD_MATCH = YES;
				COPY_PHASE_STRIP = NO;
				DEBUG_INFORMATION_FORMAT = "dwarf-with-dsym";
				ENABLE_NS_ASSERTIONS = NO;
				ENABLE_STRICT_OBJC_MSGSEND = YES;
				GCC_C_LANGUAGE_STANDARD = gnu11;
				GCC_NO_COMMON_BLOCKS = YES;
				GCC_WARN_64_TO_32_BIT_CONVERSION = YES;
				GCC_WARN_ABOUT_RETURN_TYPE = YES_ERROR;
				GCC_WARN_UNDECLARED_SELECTOR = YES;
				GCC_WARN_UNINITIALIZED_AUTOS = YES_AGGRESSIVE;
				GCC_WARN_UNUSED_FUNCTION = YES;
				GCC_WARN_UNUSED_VARIABLE = YES;
				MACOSX_DEPLOYMENT_TARGET = 11.0;
				MTL_ENABLE_DEBUG_INFO = NO;
				MTL_FAST_MATH = YES;
				SDKROOT = macosx;
				SWIFT_COMPILATION_MODE = wholemodule;
				SWIFT_OPTIMIZATION_LEVEL = "-O";
			};
			name = Release;
		};
		85F1D0CB259E614A001831C0 /* Debug */ = {
			isa = XCBuildConfiguration;
			buildSettings = {
				ASSETCATALOG_COMPILER_APPICON_NAME = AppIcon;
				ASSETCATALOG_COMPILER_GLOBAL_ACCENT_COLOR_NAME = AccentColor;
				CODE_SIGN_ENTITLEMENTS = "MenuBuilder Demo/MenuBuilder_Demo.entitlements";
				CODE_SIGN_STYLE = Automatic;
				COMBINE_HIDPI_IMAGES = YES;
				DEVELOPMENT_TEAM = "";
				ENABLE_HARDENED_RUNTIME = YES;
				INFOPLIST_FILE = "MenuBuilder Demo/Info.plist";
				LD_RUNPATH_SEARCH_PATHS = (
					"$(inherited)",
					"@executable_path/../Frameworks",
				);
				PRODUCT_BUNDLE_IDENTIFIER = "com.jedfox.MenuBuilder-Demo";
				PRODUCT_NAME = "$(TARGET_NAME)";
				SWIFT_VERSION = 5.0;
			};
			name = Debug;
		};
		85F1D0CC259E614A001831C0 /* Release */ = {
			isa = XCBuildConfiguration;
			buildSettings = {
				ASSETCATALOG_COMPILER_APPICON_NAME = AppIcon;
				ASSETCATALOG_COMPILER_GLOBAL_ACCENT_COLOR_NAME = AccentColor;
				CODE_SIGN_ENTITLEMENTS = "MenuBuilder Demo/MenuBuilder_Demo.entitlements";
				CODE_SIGN_STYLE = Automatic;
				COMBINE_HIDPI_IMAGES = YES;
				DEVELOPMENT_TEAM = "";
				ENABLE_HARDENED_RUNTIME = YES;
				INFOPLIST_FILE = "MenuBuilder Demo/Info.plist";
				LD_RUNPATH_SEARCH_PATHS = (
					"$(inherited)",
					"@executable_path/../Frameworks",
				);
				PRODUCT_BUNDLE_IDENTIFIER = "com.jedfox.MenuBuilder-Demo";
				PRODUCT_NAME = "$(TARGET_NAME)";
				SWIFT_VERSION = 5.0;
			};
			name = Release;
		};
/* End XCBuildConfiguration section */

/* Begin XCConfigurationList section */
		85F1D0B5259E6149001831C0 /* Build configuration list for PBXProject "MenuBuilder Demo" */ = {
			isa = XCConfigurationList;
			buildConfigurations = (
				85F1D0C8259E614A001831C0 /* Debug */,
				85F1D0C9259E614A001831C0 /* Release */,
			);
			defaultConfigurationIsVisible = 0;
			defaultConfigurationName = Release;
		};
		85F1D0CA259E614A001831C0 /* Build configuration list for PBXNativeTarget "MenuBuilder Demo" */ = {
			isa = XCConfigurationList;
			buildConfigurations = (
				85F1D0CB259E614A001831C0 /* Debug */,
				85F1D0CC259E614A001831C0 /* Release */,
			);
			defaultConfigurationIsVisible = 0;
			defaultConfigurationName = Release;
		};
/* End XCConfigurationList section */

/* Begin XCSwiftPackageProductDependency section */
		85F1D0D1259E6249001831C0 /* MenuBuilder */ = {
			isa = XCSwiftPackageProductDependency;
			productName = MenuBuilder;
		};
/* End XCSwiftPackageProductDependency section */
	};
	rootObject = 85F1D0B2259E6149001831C0 /* Project object */;
}
